
Microsoft Visual Studio Solution File, Format Version 12.00
# Visual Studio Version 16
VisualStudioVersion = 25.0.1705.0
MinimumVisualStudioVersion = 10.0.40219.1
Project("{FAE04EC0-301F-11D3-BF4B-00C04F79EFBC}") = "Dotnet.Dotnet.SharedLibrary", "Dotnet.Dotnet.SharedLibrary.csproj", "{3580B4E5-914F-4455-964F-6186858389FC}"
EndProject
Global
	GlobalSection(SolutionConfigurationPlatforms) = preSolution
		Debug|Any CPU = Debug|Any CPU
		Release|Any CPU = Release|Any CPU
	EndGlobalSection
	GlobalSection(ProjectConfigurationPlatforms) = postSolution
		{3580B4E5-914F-4455-964F-6186858389FC}.Debug|Any CPU.ActiveCfg = Debug|Any CPU
		{3580B4E5-914F-4455-964F-6186858389FC}.Debug|Any CPU.Build.0 = Debug|Any CPU
		{3580B4E5-914F-4455-964F-6186858389FC}.Release|Any CPU.ActiveCfg = Release|Any CPU
		{3580B4E5-914F-4455-964F-6186858389FC}.Release|Any CPU.Build.0 = Release|Any CPU
	EndGlobalSection
	GlobalSection(SolutionProperties) = preSolution
		HideSolutionNode = FALSE
	EndGlobalSection
	GlobalSection(ExtensibilityGlobals) = postSolution
		SolutionGuid = {A01EA57F-4824-4BED-B676-734A2ADC718A}
	EndGlobalSection
EndGlobal
